// !$*UTF8*$!
{
	archiveVersion = 1;
	classes = {
	};
	objectVersion = 46;
	objects = {

/* Begin PBXBuildFile section */
		AE730EAB194B748100DFEA18 /* AppDelegate.swift in Sources */ = {isa = PBXBuildFile; fileRef = AE730EAA194B748100DFEA18 /* AppDelegate.swift */; };
		AE730EAE194B748100DFEA18 /* CounterSemApp.xcdatamodeld in Sources */ = {isa = PBXBuildFile; fileRef = AE730EAC194B748100DFEA18 /* CounterSemApp.xcdatamodeld */; };
		AE730EB0194B748100DFEA18 /* ViewController.swift in Sources */ = {isa = PBXBuildFile; fileRef = AE730EAF194B748100DFEA18 /* ViewController.swift */; };
		AE730EB3194B748100DFEA18 /* Main.storyboard in Resources */ = {isa = PBXBuildFile; fileRef = AE730EB1194B748100DFEA18 /* Main.storyboard */; };
		AE730EB5194B748100DFEA18 /* Images.xcassets in Resources */ = {isa = PBXBuildFile; fileRef = AE730EB4194B748100DFEA18 /* Images.xcassets */; };
		AE730EC1194B748200DFEA18 /* CounterSemAppTests.swift in Sources */ = {isa = PBXBuildFile; fileRef = AE730EC0194B748200DFEA18 /* CounterSemAppTests.swift */; };
/* End PBXBuildFile section */

/* Begin PBXContainerItemProxy section */
		AE730EBB194B748200DFEA18 /* PBXContainerItemProxy */ = {
			isa = PBXContainerItemProxy;
			containerPortal = AE730E9D194B748100DFEA18 /* Project object */;
			proxyType = 1;
			remoteGlobalIDString = AE730EA4194B748100DFEA18;
			remoteInfo = CounterSemApp;
		};
/* End PBXContainerItemProxy section */

/* Begin PBXFileReference section */
		AE730EA5194B748100DFEA18 /* CounterSemApp.app */ = {isa = PBXFileReference; explicitFileType = wrapper.application; includeInIndex = 0; path = CounterSemApp.app; sourceTree = BUILT_PRODUCTS_DIR; };
		AE730EA9194B748100DFEA18 /* Info.plist */ = {isa = PBXFileReference; lastKnownFileType = text.plist.xml; path = Info.plist; sourceTree = "<group>"; };
		AE730EAA194B748100DFEA18 /* AppDelegate.swift */ = {isa = PBXFileReference; lastKnownFileType = sourcecode.swift; path = AppDelegate.swift; sourceTree = "<group>"; };
		AE730EAD194B748100DFEA18 /* CounterSemApp.xcdatamodel */ = {isa = PBXFileReference; lastKnownFileType = wrapper.xcdatamodel; path = CounterSemApp.xcdatamodel; sourceTree = "<group>"; };
		AE730EAF194B748100DFEA18 /* ViewController.swift */ = {isa = PBXFileReference; lastKnownFileType = sourcecode.swift; path = ViewController.swift; sourceTree = "<group>"; };
		AE730EB2194B748100DFEA18 /* Base */ = {isa = PBXFileReference; lastKnownFileType = file.storyboard; name = Base; path = Base.lproj/Main.storyboard; sourceTree = "<group>"; };
		AE730EB4194B748100DFEA18 /* Images.xcassets */ = {isa = PBXFileReference; lastKnownFileType = folder.assetcatalog; path = Images.xcassets; sourceTree = "<group>"; };
		AE730EBA194B748200DFEA18 /* CounterSemAppTests.xctest */ = {isa = PBXFileReference; explicitFileType = wrapper.cfbundle; includeInIndex = 0; path = CounterSemAppTests.xctest; sourceTree = BUILT_PRODUCTS_DIR; };
		AE730EBF194B748200DFEA18 /* Info.plist */ = {isa = PBXFileReference; lastKnownFileType = text.plist.xml; path = Info.plist; sourceTree = "<group>"; };
		AE730EC0194B748200DFEA18 /* CounterSemAppTests.swift */ = {isa = PBXFileReference; lastKnownFileType = sourcecode.swift; path = CounterSemAppTests.swift; sourceTree = "<group>"; };
/* End PBXFileReference section */

/* Begin PBXFrameworksBuildPhase section */
		AE730EA2194B748100DFEA18 /* Frameworks */ = {
			isa = PBXFrameworksBuildPhase;
			buildActionMask = 2147483647;
			files = (
			);
			runOnlyForDeploymentPostprocessing = 0;
		};
		AE730EB7194B748200DFEA18 /* Frameworks */ = {
			isa = PBXFrameworksBuildPhase;
			buildActionMask = 2147483647;
			files = (
			);
			runOnlyForDeploymentPostprocessing = 0;
		};
/* End PBXFrameworksBuildPhase section */

/* Begin PBXGroup section */
		AE730E9C194B748100DFEA18 = {
			isa = PBXGroup;
			children = (
				AE730EA7194B748100DFEA18 /* CounterSemApp */,
				AE730EBD194B748200DFEA18 /* CounterSemAppTests */,
				AE730EA6194B748100DFEA18 /* Products */,
			);
			sourceTree = "<group>";
		};
		AE730EA6194B748100DFEA18 /* Products */ = {
			isa = PBXGroup;
			children = (
				AE730EA5194B748100DFEA18 /* CounterSemApp.app */,
				AE730EBA194B748200DFEA18 /* CounterSemAppTests.xctest */,
			);
			name = Products;
			sourceTree = "<group>";
		};
		AE730EA7194B748100DFEA18 /* CounterSemApp */ = {
			isa = PBXGroup;
			children = (
				AE730EAA194B748100DFEA18 /* AppDelegate.swift */,
				AE730EAF194B748100DFEA18 /* ViewController.swift */,
				AE730EB1194B748100DFEA18 /* Main.storyboard */,
				AE730EB4194B748100DFEA18 /* Images.xcassets */,
				AE730EAC194B748100DFEA18 /* CounterSemApp.xcdatamodeld */,
				AE730EA8194B748100DFEA18 /* Supporting Files */,
			);
			path = CounterSemApp;
			sourceTree = "<group>";
		};
		AE730EA8194B748100DFEA18 /* Supporting Files */ = {
			isa = PBXGroup;
			children = (
				AE730EA9194B748100DFEA18 /* Info.plist */,
			);
			name = "Supporting Files";
			sourceTree = "<group>";
		};
		AE730EBD194B748200DFEA18 /* CounterSemAppTests */ = {
			isa = PBXGroup;
			children = (
				AE730EC0194B748200DFEA18 /* CounterSemAppTests.swift */,
				AE730EBE194B748200DFEA18 /* Supporting Files */,
			);
			path = CounterSemAppTests;
			sourceTree = "<group>";
		};
		AE730EBE194B748200DFEA18 /* Supporting Files */ = {
			isa = PBXGroup;
			children = (
				AE730EBF194B748200DFEA18 /* Info.plist */,
			);
			name = "Supporting Files";
			sourceTree = "<group>";
		};
/* End PBXGroup section */

/* Begin PBXNativeTarget section */
		AE730EA4194B748100DFEA18 /* CounterSemApp */ = {
			isa = PBXNativeTarget;
			buildConfigurationList = AE730EC4194B748200DFEA18 /* Build configuration list for PBXNativeTarget "CounterSemApp" */;
			buildPhases = (
				AE730EA1194B748100DFEA18 /* Sources */,
				AE730EA2194B748100DFEA18 /* Frameworks */,
				AE730EA3194B748100DFEA18 /* Resources */,
			);
			buildRules = (
			);
			dependencies = (
			);
			name = CounterSemApp;
			productName = CounterSemApp;
			productReference = AE730EA5194B748100DFEA18 /* CounterSemApp.app */;
			productType = "com.apple.product-type.application";
		};
		AE730EB9194B748200DFEA18 /* CounterSemAppTests */ = {
			isa = PBXNativeTarget;
			buildConfigurationList = AE730EC7194B748200DFEA18 /* Build configuration list for PBXNativeTarget "CounterSemAppTests" */;
			buildPhases = (
				AE730EB6194B748200DFEA18 /* Sources */,
				AE730EB7194B748200DFEA18 /* Frameworks */,
				AE730EB8194B748200DFEA18 /* Resources */,
			);
			buildRules = (
			);
			dependencies = (
				AE730EBC194B748200DFEA18 /* PBXTargetDependency */,
			);
			name = CounterSemAppTests;
			productName = CounterSemAppTests;
			productReference = AE730EBA194B748200DFEA18 /* CounterSemAppTests.xctest */;
			productType = "com.apple.product-type.bundle.unit-test";
		};
/* End PBXNativeTarget section */

/* Begin PBXProject section */
		AE730E9D194B748100DFEA18 /* Project object */ = {
			isa = PBXProject;
			attributes = {
				LastUpgradeCheck = 0600;
				ORGANIZATIONNAME = inspiring.pt;
				TargetAttributes = {
					AE730EA4194B748100DFEA18 = {
						CreatedOnToolsVersion = 6.0;
					};
					AE730EB9194B748200DFEA18 = {
						CreatedOnToolsVersion = 6.0;
						TestTargetID = AE730EA4194B748100DFEA18;
					};
				};
			};
			buildConfigurationList = AE730EA0194B748100DFEA18 /* Build configuration list for PBXProject "CounterSemApp" */;
			compatibilityVersion = "Xcode 3.2";
			developmentRegion = English;
			hasScannedForEncodings = 0;
			knownRegions = (
				en,
				Base,
			);
			mainGroup = AE730E9C194B748100DFEA18;
			productRefGroup = AE730EA6194B748100DFEA18 /* Products */;
			projectDirPath = "";
			projectRoot = "";
			targets = (
				AE730EA4194B748100DFEA18 /* CounterSemApp */,
				AE730EB9194B748200DFEA18 /* CounterSemAppTests */,
			);
		};
/* End PBXProject section */

/* Begin PBXResourcesBuildPhase section */
		AE730EA3194B748100DFEA18 /* Resources */ = {
			isa = PBXResourcesBuildPhase;
			buildActionMask = 2147483647;
			files = (
				AE730EB3194B748100DFEA18 /* Main.storyboard in Resources */,
				AE730EB5194B748100DFEA18 /* Images.xcassets in Resources */,
			);
			runOnlyForDeploymentPostprocessing = 0;
		};
		AE730EB8194B748200DFEA18 /* Resources */ = {
			isa = PBXResourcesBuildPhase;
			buildActionMask = 2147483647;
			files = (
			);
			runOnlyForDeploymentPostprocessing = 0;
		};
/* End PBXResourcesBuildPhase section */

/* Begin PBXSourcesBuildPhase section */
		AE730EA1194B748100DFEA18 /* Sources */ = {
			isa = PBXSourcesBuildPhase;
			buildActionMask = 2147483647;
			files = (
				AE730EB0194B748100DFEA18 /* ViewController.swift in Sources */,
				AE730EAE194B748100DFEA18 /* CounterSemApp.xcdatamodeld in Sources */,
				AE730EAB194B748100DFEA18 /* AppDelegate.swift in Sources */,
			);
			runOnlyForDeploymentPostprocessing = 0;
		};
		AE730EB6194B748200DFEA18 /* Sources */ = {
			isa = PBXSourcesBuildPhase;
			buildActionMask = 2147483647;
			files = (
				AE730EC1194B748200DFEA18 /* CounterSemAppTests.swift in Sources */,
			);
			runOnlyForDeploymentPostprocessing = 0;
		};
/* End PBXSourcesBuildPhase section */

/* Begin PBXTargetDependency section */
		AE730EBC194B748200DFEA18 /* PBXTargetDependency */ = {
			isa = PBXTargetDependency;
			target = AE730EA4194B748100DFEA18 /* CounterSemApp */;
			targetProxy = AE730EBB194B748200DFEA18 /* PBXContainerItemProxy */;
		};
/* End PBXTargetDependency section */

/* Begin PBXVariantGroup section */
		AE730EB1194B748100DFEA18 /* Main.storyboard */ = {
			isa = PBXVariantGroup;
			children = (
				AE730EB2194B748100DFEA18 /* Base */,
			);
			name = Main.storyboard;
			sourceTree = "<group>";
		};
/* End PBXVariantGroup section */

/* Begin XCBuildConfiguration section */
		AE730EC2194B748200DFEA18 /* Debug */ = {
			isa = XCBuildConfiguration;
			buildSettings = {
				ALWAYS_SEARCH_USER_PATHS = NO;
				CLANG_CXX_LANGUAGE_STANDARD = "gnu++0x";
				CLANG_CXX_LIBRARY = "libc++";
				CLANG_ENABLE_MODULES = YES;
				CLANG_ENABLE_OBJC_ARC = YES;
				CLANG_WARN_BOOL_CONVERSION = YES;
				CLANG_WARN_CONSTANT_CONVERSION = YES;
				CLANG_WARN_DIRECT_OBJC_ISA_USAGE = YES_ERROR;
				CLANG_WARN_EMPTY_BODY = YES;
				CLANG_WARN_ENUM_CONVERSION = YES;
				CLANG_WARN_INT_CONVERSION = YES;
				CLANG_WARN_OBJC_ROOT_CLASS = YES_ERROR;
				CLANG_WARN_UNREACHABLE_CODE = YES;
				CLANG_WARN__DUPLICATE_METHOD_MATCH = YES;
				"CODE_SIGN_IDENTITY[sdk=iphoneos*]" = "iPhone Developer";
				COPY_PHASE_STRIP = NO;
				ENABLE_STRICT_OBJC_MSGSEND = YES;
				GCC_C_LANGUAGE_STANDARD = gnu99;
				GCC_DYNAMIC_NO_PIC = NO;
				GCC_OPTIMIZATION_LEVEL = 0;
				GCC_PREPROCESSOR_DEFINITIONS = (
					"DEBUG=1",
					"$(inherited)",
				);
				GCC_SYMBOLS_PRIVATE_EXTERN = NO;
				GCC_WARN_64_TO_32_BIT_CONVERSION = YES;
				GCC_WARN_ABOUT_RETURN_TYPE = YES_ERROR;
				GCC_WARN_UNDECLARED_SELECTOR = YES;
				GCC_WARN_UNINITIALIZED_AUTOS = YES_AGGRESSIVE;
				GCC_WARN_UNUSED_FUNCTION = YES;
				GCC_WARN_UNUSED_VARIABLE = YES;
				IPHONEOS_DEPLOYMENT_TARGET = 8.0;
				METAL_ENABLE_DEBUG_INFO = YES;
				ONLY_ACTIVE_ARCH = YES;
				SDKROOT = iphoneos;
				SWIFT_OPTIMIZATION_LEVEL = "-Onone";
			};
			name = Debug;
		};
		AE730EC3194B748200DFEA18 /* Release */ = {
			isa = XCBuildConfiguration;
			buildSettings = {
				ALWAYS_SEARCH_USER_PATHS = NO;
				CLANG_CXX_LANGUAGE_STANDARD = "gnu++0x";
				CLANG_CXX_LIBRARY = "libc++";
				CLANG_ENABLE_MODULES = YES;
				CLANG_ENABLE_OBJC_ARC = YES;
				CLANG_WARN_BOOL_CONVERSION = YES;
				CLANG_WARN_CONSTANT_CONVERSION = YES;
				CLANG_WARN_DIRECT_OBJC_ISA_USAGE = YES_ERROR;
				CLANG_WARN_EMPTY_BODY = YES;
				CLANG_WARN_ENUM_CONVERSION = YES;
				CLANG_WARN_INT_CONVERSION = YES;
				CLANG_WARN_OBJC_ROOT_CLASS = YES_ERROR;
				CLANG_WARN_UNREACHABLE_CODE = YES;
				CLANG_WARN__DUPLICATE_METHOD_MATCH = YES;
				"CODE_SIGN_IDENTITY[sdk=iphoneos*]" = "iPhone Developer";
				COPY_PHASE_STRIP = YES;
				ENABLE_NS_ASSERTIONS = NO;
				ENABLE_STRICT_OBJC_MSGSEND = YES;
				GCC_C_LANGUAGE_STANDARD = gnu99;
				GCC_WARN_64_TO_32_BIT_CONVERSION = YES;
				GCC_WARN_ABOUT_RETURN_TYPE = YES_ERROR;
				GCC_WARN_UNDECLARED_SELECTOR = YES;
				GCC_WARN_UNINITIALIZED_AUTOS = YES_AGGRESSIVE;
				GCC_WARN_UNUSED_FUNCTION = YES;
				GCC_WARN_UNUSED_VARIABLE = YES;
				IPHONEOS_DEPLOYMENT_TARGET = 8.0;
				METAL_ENABLE_DEBUG_INFO = NO;
				SDKROOT = iphoneos;
				VALIDATE_PRODUCT = YES;
			};
			name = Release;
		};
		AE730EC5194B748200DFEA18 /* Debug */ = {
			isa = XCBuildConfiguration;
			buildSettings = {
				ASSETCATALOG_COMPILER_APPICON_NAME = AppIcon;
				ASSETCATALOG_COMPILER_LAUNCHIMAGE_NAME = LaunchImage;
				INFOPLIST_FILE = CounterSemApp/Info.plist;
				LD_RUNPATH_SEARCH_PATHS = "$(inherited) @executable_path/Frameworks";
				PRODUCT_NAME = "$(TARGET_NAME)";
			};
			name = Debug;
		};
		AE730EC6194B748200DFEA18 /* Release */ = {
			isa = XCBuildConfiguration;
			buildSettings = {
				ASSETCATALOG_COMPILER_APPICON_NAME = AppIcon;
				ASSETCATALOG_COMPILER_LAUNCHIMAGE_NAME = LaunchImage;
				INFOPLIST_FILE = CounterSemApp/Info.plist;
				LD_RUNPATH_SEARCH_PATHS = "$(inherited) @executable_path/Frameworks";
				PRODUCT_NAME = "$(TARGET_NAME)";
			};
			name = Release;
		};
		AE730EC8194B748200DFEA18 /* Debug */ = {
			isa = XCBuildConfiguration;
			buildSettings = {
				BUNDLE_LOADER = "$(BUILT_PRODUCTS_DIR)/CounterSemApp.app/CounterSemApp";
				FRAMEWORK_SEARCH_PATHS = (
					"$(SDKROOT)/Developer/Library/Frameworks",
					"$(inherited)",
				);
				GCC_PREPROCESSOR_DEFINITIONS = (
					"DEBUG=1",
					"$(inherited)",
				);
				INFOPLIST_FILE = CounterSemAppTests/Info.plist;
				LD_RUNPATH_SEARCH_PATHS = "$(inherited) @executable_path/Frameworks @loader_path/Frameworks";
				METAL_ENABLE_DEBUG_INFO = YES;
				PRODUCT_NAME = "$(TARGET_NAME)";
				TEST_HOST = "$(BUNDLE_LOADER)";
			};
			name = Debug;
		};
		AE730EC9194B748200DFEA18 /* Release */ = {
			isa = XCBuildConfiguration;
			buildSettings = {
				BUNDLE_LOADER = "$(BUILT_PRODUCTS_DIR)/CounterSemApp.app/CounterSemApp";
				FRAMEWORK_SEARCH_PATHS = (
					"$(SDKROOT)/Developer/Library/Frameworks",
					"$(inherited)",
				);
				INFOPLIST_FILE = CounterSemAppTests/Info.plist;
				LD_RUNPATH_SEARCH_PATHS = "$(inherited) @executable_path/Frameworks @loader_path/Frameworks";
				METAL_ENABLE_DEBUG_INFO = NO;
				PRODUCT_NAME = "$(TARGET_NAME)";
				TEST_HOST = "$(BUNDLE_LOADER)";
			};
			name = Release;
		};
/* End XCBuildConfiguration section */

/* Begin XCConfigurationList section */
		AE730EA0194B748100DFEA18 /* Build configuration list for PBXProject "CounterSemApp" */ = {
			isa = XCConfigurationList;
			buildConfigurations = (
				AE730EC2194B748200DFEA18 /* Debug */,
				AE730EC3194B748200DFEA18 /* Release */,
			);
			defaultConfigurationIsVisible = 0;
			defaultConfigurationName = Release;
		};
		AE730EC4194B748200DFEA18 /* Build configuration list for PBXNativeTarget "CounterSemApp" */ = {
			isa = XCConfigurationList;
			buildConfigurations = (
				AE730EC5194B748200DFEA18 /* Debug */,
				AE730EC6194B748200DFEA18 /* Release */,
			);
			defaultConfigurationIsVisible = 0;
		};
		AE730EC7194B748200DFEA18 /* Build configuration list for PBXNativeTarget "CounterSemAppTests" */ = {
			isa = XCConfigurationList;
			buildConfigurations = (
				AE730EC8194B748200DFEA18 /* Debug */,
				AE730EC9194B748200DFEA18 /* Release */,
			);
			defaultConfigurationIsVisible = 0;
		};
/* End XCConfigurationList section */

/* Begin XCVersionGroup section */
		AE730EAC194B748100DFEA18 /* CounterSemApp.xcdatamodeld */ = {
			isa = XCVersionGroup;
			children = (
				AE730EAD194B748100DFEA18 /* CounterSemApp.xcdatamodel */,
			);
			currentVersion = AE730EAD194B748100DFEA18 /* CounterSemApp.xcdatamodel */;
			path = CounterSemApp.xcdatamodeld;
			sourceTree = "<group>";
			versionGroupType = wrapper.xcdatamodel;
		};
/* End XCVersionGroup section */
	};
	rootObject = AE730E9D194B748100DFEA18 /* Project object */;
}
